
Microsoft Visual Studio Solution File, Format Version 12.00
# Visual Studio Version 17
VisualStudioVersion = 17.4.33213.308
MinimumVisualStudioVersion = 10.0.40219.1
Project("{FAE04EC0-301F-11D3-BF4B-00C04F79EFBC}") = "File Backup Service", "File Backup Service\File Backup Service.csproj", "{C8368975-9D46-4B6C-BC49-90E1DCB7D1DD}"
EndProject
Project("{FAE04EC0-301F-11D3-BF4B-00C04F79EFBC}") = "BackupService", "BackupService\BackupService.csproj", "{F17A1312-5B88-41C4-AEF5-2577D50B7429}"
EndProject
Project("{FAE04EC0-301F-11D3-BF4B-00C04F79EFBC}") = "DataSource", "DataSource\DataSource.csproj", "{AC86D4DF-22BE-4406-89C6-F8747BB388D7}"
EndProject
Project("{FAE04EC0-301F-11D3-BF4B-00C04F79EFBC}") = "BackupService.Data", "BackupService.Data\BackupService.Data.csproj", "{C36C13E2-092B-4463-838A-16A434DCF302}"
EndProject
Global
	GlobalSection(SolutionConfigurationPlatforms) = preSolution
		Debug|Any CPU = Debug|Any CPU
		Release|Any CPU = Release|Any CPU
	EndGlobalSection
	GlobalSection(ProjectConfigurationPlatforms) = postSolution
		{C8368975-9D46-4B6C-BC49-90E1DCB7D1DD}.Debug|Any CPU.ActiveCfg = Debug|Any CPU
		{C8368975-9D46-4B6C-BC49-90E1DCB7D1DD}.Debug|Any CPU.Build.0 = Debug|Any CPU
		{C8368975-9D46-4B6C-BC49-90E1DCB7D1DD}.Release|Any CPU.ActiveCfg = Release|Any CPU
		{C8368975-9D46-4B6C-BC49-90E1DCB7D1DD}.Release|Any CPU.Build.0 = Release|Any CPU
		{F17A1312-5B88-41C4-AEF5-2577D50B7429}.Debug|Any CPU.ActiveCfg = Debug|Any CPU
		{F17A1312-5B88-41C4-AEF5-2577D50B7429}.Debug|Any CPU.Build.0 = Debug|Any CPU
		{F17A1312-5B88-41C4-AEF5-2577D50B7429}.Release|Any CPU.ActiveCfg = Release|Any CPU
		{F17A1312-5B88-41C4-AEF5-2577D50B7429}.Release|Any CPU.Build.0 = Release|Any CPU
		{AC86D4DF-22BE-4406-89C6-F8747BB388D7}.Debug|Any CPU.ActiveCfg = Debug|Any CPU
		{AC86D4DF-22BE-4406-89C6-F8747BB388D7}.Debug|Any CPU.Build.0 = Debug|Any CPU
		{AC86D4DF-22BE-4406-89C6-F8747BB388D7}.Release|Any CPU.ActiveCfg = Release|Any CPU
		{AC86D4DF-22BE-4406-89C6-F8747BB388D7}.Release|Any CPU.Build.0 = Release|Any CPU
		{C36C13E2-092B-4463-838A-16A434DCF302}.Debug|Any CPU.ActiveCfg = Debug|Any CPU
		{C36C13E2-092B-4463-838A-16A434DCF302}.Debug|Any CPU.Build.0 = Debug|Any CPU
		{C36C13E2-092B-4463-838A-16A434DCF302}.Release|Any CPU.ActiveCfg = Release|Any CPU
		{C36C13E2-092B-4463-838A-16A434DCF302}.Release|Any CPU.Build.0 = Release|Any CPU
	EndGlobalSection
	GlobalSection(SolutionProperties) = preSolution
		HideSolutionNode = FALSE
	EndGlobalSection
	GlobalSection(ExtensibilityGlobals) = postSolution
		SolutionGuid = {BAB03068-5A5E-42C0-83B9-7CDBF120B52D}
	EndGlobalSection
EndGlobal
